// !$*UTF8*$!
{
	archiveVersion = 1;
	classes = {
	};
	objectVersion = 56;
	objects = {

/* Begin PBXBuildFile section */
		96858C7B2A1B6966000272C7 /* Floor_Plan_CepatApp.swift in Sources */ = {isa = PBXBuildFile; fileRef = 96858C7A2A1B6966000272C7 /* Floor_Plan_CepatApp.swift */; };
		96858C7D2A1B6966000272C7 /* ContentView.swift in Sources */ = {isa = PBXBuildFile; fileRef = 96858C7C2A1B6966000272C7 /* ContentView.swift */; };
		96858C7F2A1B6967000272C7 /* Assets.xcassets in Resources */ = {isa = PBXBuildFile; fileRef = 96858C7E2A1B6967000272C7 /* Assets.xcassets */; };
		96858C822A1B6967000272C7 /* Preview Assets.xcassets in Resources */ = {isa = PBXBuildFile; fileRef = 96858C812A1B6967000272C7 /* Preview Assets.xcassets */; };
		96858C8C2A1B6967000272C7 /* Floor_Plan_CepatTests.swift in Sources */ = {isa = PBXBuildFile; fileRef = 96858C8B2A1B6967000272C7 /* Floor_Plan_CepatTests.swift */; };
		96858C962A1B6967000272C7 /* Floor_Plan_CepatUITests.swift in Sources */ = {isa = PBXBuildFile; fileRef = 96858C952A1B6967000272C7 /* Floor_Plan_CepatUITests.swift */; };
		96858C982A1B6967000272C7 /* Floor_Plan_CepatUITestsLaunchTests.swift in Sources */ = {isa = PBXBuildFile; fileRef = 96858C972A1B6967000272C7 /* Floor_Plan_CepatUITestsLaunchTests.swift */; };
		96858CA62A1B6D7B000272C7 /* FloorPlan.swift in Sources */ = {isa = PBXBuildFile; fileRef = 96858CA52A1B6D7B000272C7 /* FloorPlan.swift */; };
		96858CA82A1B6DDC000272C7 /* FloorPlanView.swift in Sources */ = {isa = PBXBuildFile; fileRef = 96858CA72A1B6DDC000272C7 /* FloorPlanView.swift */; };
		96858CAC2A1B77F4000272C7 /* Router.swift in Sources */ = {isa = PBXBuildFile; fileRef = 96858CAB2A1B77F4000272C7 /* Router.swift */; };
		96858CAF2A1B78DF000272C7 /* CameraView.swift in Sources */ = {isa = PBXBuildFile; fileRef = 96858CAE2A1B78DF000272C7 /* CameraView.swift */; };
		96858CB12A1B796C000272C7 /* FloorPlanListView.swift in Sources */ = {isa = PBXBuildFile; fileRef = 96858CB02A1B796C000272C7 /* FloorPlanListView.swift */; };
		96858CB42A1B7F25000272C7 /* FloorPlans.swift in Sources */ = {isa = PBXBuildFile; fileRef = 96858CB32A1B7F25000272C7 /* FloorPlans.swift */; };
		96858CB62A1BC9C4000272C7 /* RouterFeature.swift in Sources */ = {isa = PBXBuildFile; fileRef = 96858CB52A1BC9C4000272C7 /* RouterFeature.swift */; };
		96858CB82A1C92EC000272C7 /* RoomCaptureViewController.swift in Sources */ = {isa = PBXBuildFile; fileRef = 96858CB72A1C92EC000272C7 /* RoomCaptureViewController.swift */; };
		96858CBB2A1CA833000272C7 /* RoomCaptureViewControllerRepresentable.swift in Sources */ = {isa = PBXBuildFile; fileRef = 96858CBA2A1CA833000272C7 /* RoomCaptureViewControllerRepresentable.swift */; };
		96858CBF2A1CDC13000272C7 /* RoomCaptureBridgeController.swift in Sources */ = {isa = PBXBuildFile; fileRef = 96858CBE2A1CDC13000272C7 /* RoomCaptureBridgeController.swift */; };
/* End PBXBuildFile section */

/* Begin PBXContainerItemProxy section */
		96858C882A1B6967000272C7 /* PBXContainerItemProxy */ = {
			isa = PBXContainerItemProxy;
			containerPortal = 96858C6F2A1B6966000272C7 /* Project object */;
			proxyType = 1;
			remoteGlobalIDString = 96858C762A1B6966000272C7;
			remoteInfo = "Floor Plan Cepat";
		};
		96858C922A1B6967000272C7 /* PBXContainerItemProxy */ = {
			isa = PBXContainerItemProxy;
			containerPortal = 96858C6F2A1B6966000272C7 /* Project object */;
			proxyType = 1;
			remoteGlobalIDString = 96858C762A1B6966000272C7;
			remoteInfo = "Floor Plan Cepat";
		};
/* End PBXContainerItemProxy section */

/* Begin PBXFileReference section */
		96858C772A1B6966000272C7 /* Floor Plan Cepat.app */ = {isa = PBXFileReference; explicitFileType = wrapper.application; includeInIndex = 0; path = "Floor Plan Cepat.app"; sourceTree = BUILT_PRODUCTS_DIR; };
		96858C7A2A1B6966000272C7 /* Floor_Plan_CepatApp.swift */ = {isa = PBXFileReference; lastKnownFileType = sourcecode.swift; path = Floor_Plan_CepatApp.swift; sourceTree = "<group>"; };
		96858C7C2A1B6966000272C7 /* ContentView.swift */ = {isa = PBXFileReference; lastKnownFileType = sourcecode.swift; path = ContentView.swift; sourceTree = "<group>"; };
		96858C7E2A1B6967000272C7 /* Assets.xcassets */ = {isa = PBXFileReference; lastKnownFileType = folder.assetcatalog; path = Assets.xcassets; sourceTree = "<group>"; };
		96858C812A1B6967000272C7 /* Preview Assets.xcassets */ = {isa = PBXFileReference; lastKnownFileType = folder.assetcatalog; path = "Preview Assets.xcassets"; sourceTree = "<group>"; };
		96858C872A1B6967000272C7 /* Floor Plan CepatTests.xctest */ = {isa = PBXFileReference; explicitFileType = wrapper.cfbundle; includeInIndex = 0; path = "Floor Plan CepatTests.xctest"; sourceTree = BUILT_PRODUCTS_DIR; };
		96858C8B2A1B6967000272C7 /* Floor_Plan_CepatTests.swift */ = {isa = PBXFileReference; lastKnownFileType = sourcecode.swift; path = Floor_Plan_CepatTests.swift; sourceTree = "<group>"; };
		96858C912A1B6967000272C7 /* Floor Plan CepatUITests.xctest */ = {isa = PBXFileReference; explicitFileType = wrapper.cfbundle; includeInIndex = 0; path = "Floor Plan CepatUITests.xctest"; sourceTree = BUILT_PRODUCTS_DIR; };
		96858C952A1B6967000272C7 /* Floor_Plan_CepatUITests.swift */ = {isa = PBXFileReference; lastKnownFileType = sourcecode.swift; path = Floor_Plan_CepatUITests.swift; sourceTree = "<group>"; };
		96858C972A1B6967000272C7 /* Floor_Plan_CepatUITestsLaunchTests.swift */ = {isa = PBXFileReference; lastKnownFileType = sourcecode.swift; path = Floor_Plan_CepatUITestsLaunchTests.swift; sourceTree = "<group>"; };
		96858CA52A1B6D7B000272C7 /* FloorPlan.swift */ = {isa = PBXFileReference; lastKnownFileType = sourcecode.swift; path = FloorPlan.swift; sourceTree = "<group>"; };
		96858CA72A1B6DDC000272C7 /* FloorPlanView.swift */ = {isa = PBXFileReference; lastKnownFileType = sourcecode.swift; path = FloorPlanView.swift; sourceTree = "<group>"; };
		96858CAB2A1B77F4000272C7 /* Router.swift */ = {isa = PBXFileReference; lastKnownFileType = sourcecode.swift; path = Router.swift; sourceTree = "<group>"; };
		96858CAE2A1B78DF000272C7 /* CameraView.swift */ = {isa = PBXFileReference; lastKnownFileType = sourcecode.swift; path = CameraView.swift; sourceTree = "<group>"; };
		96858CB02A1B796C000272C7 /* FloorPlanListView.swift */ = {isa = PBXFileReference; lastKnownFileType = sourcecode.swift; path = FloorPlanListView.swift; sourceTree = "<group>"; };
		96858CB32A1B7F25000272C7 /* FloorPlans.swift */ = {isa = PBXFileReference; lastKnownFileType = sourcecode.swift; path = FloorPlans.swift; sourceTree = "<group>"; };
		96858CB52A1BC9C4000272C7 /* RouterFeature.swift */ = {isa = PBXFileReference; lastKnownFileType = sourcecode.swift; path = RouterFeature.swift; sourceTree = "<group>"; };
		96858CB72A1C92EC000272C7 /* RoomCaptureViewController.swift */ = {isa = PBXFileReference; lastKnownFileType = sourcecode.swift; path = RoomCaptureViewController.swift; sourceTree = "<group>"; };
		96858CB92A1C95CC000272C7 /* Floor-Plan-Cepat-Info.plist */ = {isa = PBXFileReference; lastKnownFileType = text.plist; path = "Floor-Plan-Cepat-Info.plist"; sourceTree = SOURCE_ROOT; };
		96858CBA2A1CA833000272C7 /* RoomCaptureViewControllerRepresentable.swift */ = {isa = PBXFileReference; lastKnownFileType = sourcecode.swift; path = RoomCaptureViewControllerRepresentable.swift; sourceTree = "<group>"; };
		96858CBE2A1CDC13000272C7 /* RoomCaptureBridgeController.swift */ = {isa = PBXFileReference; lastKnownFileType = sourcecode.swift; path = RoomCaptureBridgeController.swift; sourceTree = "<group>"; };
/* End PBXFileReference section */

/* Begin PBXFrameworksBuildPhase section */
		96858C742A1B6966000272C7 /* Frameworks */ = {
			isa = PBXFrameworksBuildPhase;
			buildActionMask = 2147483647;
			files = (
			);
			runOnlyForDeploymentPostprocessing = 0;
		};
		96858C842A1B6967000272C7 /* Frameworks */ = {
			isa = PBXFrameworksBuildPhase;
			buildActionMask = 2147483647;
			files = (
			);
			runOnlyForDeploymentPostprocessing = 0;
		};
		96858C8E2A1B6967000272C7 /* Frameworks */ = {
			isa = PBXFrameworksBuildPhase;
			buildActionMask = 2147483647;
			files = (
			);
			runOnlyForDeploymentPostprocessing = 0;
		};
/* End PBXFrameworksBuildPhase section */

/* Begin PBXGroup section */
		96858C6E2A1B6966000272C7 = {
			isa = PBXGroup;
			children = (
				96858C792A1B6966000272C7 /* Floor Plan Cepat */,
				96858C8A2A1B6967000272C7 /* Floor Plan CepatTests */,
				96858C942A1B6967000272C7 /* Floor Plan CepatUITests */,
				96858C782A1B6966000272C7 /* Products */,
			);
			sourceTree = "<group>";
		};
		96858C782A1B6966000272C7 /* Products */ = {
			isa = PBXGroup;
			children = (
				96858C772A1B6966000272C7 /* Floor Plan Cepat.app */,
				96858C872A1B6967000272C7 /* Floor Plan CepatTests.xctest */,
				96858C912A1B6967000272C7 /* Floor Plan CepatUITests.xctest */,
			);
			name = Products;
			sourceTree = "<group>";
		};
		96858C792A1B6966000272C7 /* Floor Plan Cepat */ = {
			isa = PBXGroup;
			children = (
				96858CB92A1C95CC000272C7 /* Floor-Plan-Cepat-Info.plist */,
				96858CB22A1B7F1D000272C7 /* Redux */,
				96858CAD2A1B78D5000272C7 /* Camera */,
				96858CAA2A1B77DC000272C7 /* Router */,
				96858CA92A1B6ECC000272C7 /* FloorPlanList */,
				96858CA42A1B6D6B000272C7 /* FloorPlan */,
				96858C7A2A1B6966000272C7 /* Floor_Plan_CepatApp.swift */,
				96858C7C2A1B6966000272C7 /* ContentView.swift */,
				96858C7E2A1B6967000272C7 /* Assets.xcassets */,
				96858C802A1B6967000272C7 /* Preview Content */,
			);
			path = "Floor Plan Cepat";
			sourceTree = "<group>";
		};
		96858C802A1B6967000272C7 /* Preview Content */ = {
			isa = PBXGroup;
			children = (
				96858C812A1B6967000272C7 /* Preview Assets.xcassets */,
			);
			path = "Preview Content";
			sourceTree = "<group>";
		};
		96858C8A2A1B6967000272C7 /* Floor Plan CepatTests */ = {
			isa = PBXGroup;
			children = (
				96858C8B2A1B6967000272C7 /* Floor_Plan_CepatTests.swift */,
			);
			path = "Floor Plan CepatTests";
			sourceTree = "<group>";
		};
		96858C942A1B6967000272C7 /* Floor Plan CepatUITests */ = {
			isa = PBXGroup;
			children = (
				96858C952A1B6967000272C7 /* Floor_Plan_CepatUITests.swift */,
				96858C972A1B6967000272C7 /* Floor_Plan_CepatUITestsLaunchTests.swift */,
			);
			path = "Floor Plan CepatUITests";
			sourceTree = "<group>";
		};
		96858CA42A1B6D6B000272C7 /* FloorPlan */ = {
			isa = PBXGroup;
			children = (
				96858CA52A1B6D7B000272C7 /* FloorPlan.swift */,
				96858CA72A1B6DDC000272C7 /* FloorPlanView.swift */,
			);
			path = FloorPlan;
			sourceTree = "<group>";
		};
		96858CA92A1B6ECC000272C7 /* FloorPlanList */ = {
			isa = PBXGroup;
			children = (
				96858CB02A1B796C000272C7 /* FloorPlanListView.swift */,
			);
			path = FloorPlanList;
			sourceTree = "<group>";
		};
		96858CAA2A1B77DC000272C7 /* Router */ = {
			isa = PBXGroup;
			children = (
				96858CAB2A1B77F4000272C7 /* Router.swift */,
				96858CB52A1BC9C4000272C7 /* RouterFeature.swift */,
			);
			path = Router;
			sourceTree = "<group>";
		};
		96858CAD2A1B78D5000272C7 /* Camera */ = {
			isa = PBXGroup;
			children = (
				96858CAE2A1B78DF000272C7 /* CameraView.swift */,
				96858CB72A1C92EC000272C7 /* RoomCaptureViewController.swift */,
				96858CBA2A1CA833000272C7 /* RoomCaptureViewControllerRepresentable.swift */,
				96858CBE2A1CDC13000272C7 /* RoomCaptureBridgeController.swift */,
			);
			path = Camera;
			sourceTree = "<group>";
		};
		96858CB22A1B7F1D000272C7 /* Redux */ = {
			isa = PBXGroup;
			children = (
				96858CB32A1B7F25000272C7 /* FloorPlans.swift */,
			);
			path = Redux;
			sourceTree = "<group>";
		};
/* End PBXGroup section */

/* Begin PBXNativeTarget section */
		96858C762A1B6966000272C7 /* Floor Plan Cepat */ = {
			isa = PBXNativeTarget;
			buildConfigurationList = 96858C9B2A1B6967000272C7 /* Build configuration list for PBXNativeTarget "Floor Plan Cepat" */;
			buildPhases = (
				96858C732A1B6966000272C7 /* Sources */,
				96858C742A1B6966000272C7 /* Frameworks */,
				96858C752A1B6966000272C7 /* Resources */,
			);
			buildRules = (
			);
			dependencies = (
			);
			name = "Floor Plan Cepat";
			productName = "Floor Plan Cepat";
			productReference = 96858C772A1B6966000272C7 /* Floor Plan Cepat.app */;
			productType = "com.apple.product-type.application";
		};
		96858C862A1B6967000272C7 /* Floor Plan CepatTests */ = {
			isa = PBXNativeTarget;
			buildConfigurationList = 96858C9E2A1B6967000272C7 /* Build configuration list for PBXNativeTarget "Floor Plan CepatTests" */;
			buildPhases = (
				96858C832A1B6967000272C7 /* Sources */,
				96858C842A1B6967000272C7 /* Frameworks */,
				96858C852A1B6967000272C7 /* Resources */,
			);
			buildRules = (
			);
			dependencies = (
				96858C892A1B6967000272C7 /* PBXTargetDependency */,
			);
			name = "Floor Plan CepatTests";
			productName = "Floor Plan CepatTests";
			productReference = 96858C872A1B6967000272C7 /* Floor Plan CepatTests.xctest */;
			productType = "com.apple.product-type.bundle.unit-test";
		};
		96858C902A1B6967000272C7 /* Floor Plan CepatUITests */ = {
			isa = PBXNativeTarget;
			buildConfigurationList = 96858CA12A1B6967000272C7 /* Build configuration list for PBXNativeTarget "Floor Plan CepatUITests" */;
			buildPhases = (
				96858C8D2A1B6967000272C7 /* Sources */,
				96858C8E2A1B6967000272C7 /* Frameworks */,
				96858C8F2A1B6967000272C7 /* Resources */,
			);
			buildRules = (
			);
			dependencies = (
				96858C932A1B6967000272C7 /* PBXTargetDependency */,
			);
			name = "Floor Plan CepatUITests";
			productName = "Floor Plan CepatUITests";
			productReference = 96858C912A1B6967000272C7 /* Floor Plan CepatUITests.xctest */;
			productType = "com.apple.product-type.bundle.ui-testing";
		};
/* End PBXNativeTarget section */

/* Begin PBXProject section */
		96858C6F2A1B6966000272C7 /* Project object */ = {
			isa = PBXProject;
			attributes = {
				BuildIndependentTargetsInParallel = 1;
				LastSwiftUpdateCheck = 1430;
				LastUpgradeCheck = 1430;
				TargetAttributes = {
					96858C762A1B6966000272C7 = {
						CreatedOnToolsVersion = 14.3;
					};
					96858C862A1B6967000272C7 = {
						CreatedOnToolsVersion = 14.3;
						TestTargetID = 96858C762A1B6966000272C7;
					};
					96858C902A1B6967000272C7 = {
						CreatedOnToolsVersion = 14.3;
						TestTargetID = 96858C762A1B6966000272C7;
					};
				};
			};
			buildConfigurationList = 96858C722A1B6966000272C7 /* Build configuration list for PBXProject "Floor Plan Cepat" */;
			compatibilityVersion = "Xcode 14.0";
			developmentRegion = en;
			hasScannedForEncodings = 0;
			knownRegions = (
				en,
				Base,
			);
			mainGroup = 96858C6E2A1B6966000272C7;
			productRefGroup = 96858C782A1B6966000272C7 /* Products */;
			projectDirPath = "";
			projectRoot = "";
			targets = (
				96858C762A1B6966000272C7 /* Floor Plan Cepat */,
				96858C862A1B6967000272C7 /* Floor Plan CepatTests */,
				96858C902A1B6967000272C7 /* Floor Plan CepatUITests */,
			);
		};
/* End PBXProject section */

/* Begin PBXResourcesBuildPhase section */
		96858C752A1B6966000272C7 /* Resources */ = {
			isa = PBXResourcesBuildPhase;
			buildActionMask = 2147483647;
			files = (
				96858C822A1B6967000272C7 /* Preview Assets.xcassets in Resources */,
				96858C7F2A1B6967000272C7 /* Assets.xcassets in Resources */,
			);
			runOnlyForDeploymentPostprocessing = 0;
		};
		96858C852A1B6967000272C7 /* Resources */ = {
			isa = PBXResourcesBuildPhase;
			buildActionMask = 2147483647;
			files = (
			);
			runOnlyForDeploymentPostprocessing = 0;
		};
		96858C8F2A1B6967000272C7 /* Resources */ = {
			isa = PBXResourcesBuildPhase;
			buildActionMask = 2147483647;
			files = (
			);
			runOnlyForDeploymentPostprocessing = 0;
		};
/* End PBXResourcesBuildPhase section */

/* Begin PBXSourcesBuildPhase section */
		96858C732A1B6966000272C7 /* Sources */ = {
			isa = PBXSourcesBuildPhase;
			buildActionMask = 2147483647;
			files = (
				96858C7D2A1B6966000272C7 /* ContentView.swift in Sources */,
				96858CA62A1B6D7B000272C7 /* FloorPlan.swift in Sources */,
				96858CA82A1B6DDC000272C7 /* FloorPlanView.swift in Sources */,
				96858CAF2A1B78DF000272C7 /* CameraView.swift in Sources */,
				96858CB82A1C92EC000272C7 /* RoomCaptureViewController.swift in Sources */,
				96858CBB2A1CA833000272C7 /* RoomCaptureViewControllerRepresentable.swift in Sources */,
				96858CBF2A1CDC13000272C7 /* RoomCaptureBridgeController.swift in Sources */,
				96858CB62A1BC9C4000272C7 /* RouterFeature.swift in Sources */,
				96858C7B2A1B6966000272C7 /* Floor_Plan_CepatApp.swift in Sources */,
				96858CAC2A1B77F4000272C7 /* Router.swift in Sources */,
				96858CB42A1B7F25000272C7 /* FloorPlans.swift in Sources */,
				96858CB12A1B796C000272C7 /* FloorPlanListView.swift in Sources */,
			);
			runOnlyForDeploymentPostprocessing = 0;
		};
		96858C832A1B6967000272C7 /* Sources */ = {
			isa = PBXSourcesBuildPhase;
			buildActionMask = 2147483647;
			files = (
				96858C8C2A1B6967000272C7 /* Floor_Plan_CepatTests.swift in Sources */,
			);
			runOnlyForDeploymentPostprocessing = 0;
		};
		96858C8D2A1B6967000272C7 /* Sources */ = {
			isa = PBXSourcesBuildPhase;
			buildActionMask = 2147483647;
			files = (
				96858C982A1B6967000272C7 /* Floor_Plan_CepatUITestsLaunchTests.swift in Sources */,
				96858C962A1B6967000272C7 /* Floor_Plan_CepatUITests.swift in Sources */,
			);
			runOnlyForDeploymentPostprocessing = 0;
		};
/* End PBXSourcesBuildPhase section */

/* Begin PBXTargetDependency section */
		96858C892A1B6967000272C7 /* PBXTargetDependency */ = {
			isa = PBXTargetDependency;
			target = 96858C762A1B6966000272C7 /* Floor Plan Cepat */;
			targetProxy = 96858C882A1B6967000272C7 /* PBXContainerItemProxy */;
		};
		96858C932A1B6967000272C7 /* PBXTargetDependency */ = {
			isa = PBXTargetDependency;
			target = 96858C762A1B6966000272C7 /* Floor Plan Cepat */;
			targetProxy = 96858C922A1B6967000272C7 /* PBXContainerItemProxy */;
		};
/* End PBXTargetDependency section */

/* Begin XCBuildConfiguration section */
		96858C992A1B6967000272C7 /* Debug */ = {
			isa = XCBuildConfiguration;
			buildSettings = {
				ALWAYS_SEARCH_USER_PATHS = NO;
				CLANG_ANALYZER_NONNULL = YES;
				CLANG_ANALYZER_NUMBER_OBJECT_CONVERSION = YES_AGGRESSIVE;
				CLANG_CXX_LANGUAGE_STANDARD = "gnu++20";
				CLANG_ENABLE_MODULES = YES;
				CLANG_ENABLE_OBJC_ARC = YES;
				CLANG_ENABLE_OBJC_WEAK = YES;
				CLANG_WARN_BLOCK_CAPTURE_AUTORELEASING = YES;
				CLANG_WARN_BOOL_CONVERSION = YES;
				CLANG_WARN_COMMA = YES;
				CLANG_WARN_CONSTANT_CONVERSION = YES;
				CLANG_WARN_DEPRECATED_OBJC_IMPLEMENTATIONS = YES;
				CLANG_WARN_DIRECT_OBJC_ISA_USAGE = YES_ERROR;
				CLANG_WARN_DOCUMENTATION_COMMENTS = YES;
				CLANG_WARN_EMPTY_BODY = YES;
				CLANG_WARN_ENUM_CONVERSION = YES;
				CLANG_WARN_INFINITE_RECURSION = YES;
				CLANG_WARN_INT_CONVERSION = YES;
				CLANG_WARN_NON_LITERAL_NULL_CONVERSION = YES;
				CLANG_WARN_OBJC_IMPLICIT_RETAIN_SELF = YES;
				CLANG_WARN_OBJC_LITERAL_CONVERSION = YES;
				CLANG_WARN_OBJC_ROOT_CLASS = YES_ERROR;
				CLANG_WARN_QUOTED_INCLUDE_IN_FRAMEWORK_HEADER = YES;
				CLANG_WARN_RANGE_LOOP_ANALYSIS = YES;
				CLANG_WARN_STRICT_PROTOTYPES = YES;
				CLANG_WARN_SUSPICIOUS_MOVE = YES;
				CLANG_WARN_UNGUARDED_AVAILABILITY = YES_AGGRESSIVE;
				CLANG_WARN_UNREACHABLE_CODE = YES;
				CLANG_WARN__DUPLICATE_METHOD_MATCH = YES;
				COPY_PHASE_STRIP = NO;
				DEBUG_INFORMATION_FORMAT = dwarf;
				ENABLE_STRICT_OBJC_MSGSEND = YES;
				ENABLE_TESTABILITY = YES;
				GCC_C_LANGUAGE_STANDARD = gnu11;
				GCC_DYNAMIC_NO_PIC = NO;
				GCC_NO_COMMON_BLOCKS = YES;
				GCC_OPTIMIZATION_LEVEL = 0;
				GCC_PREPROCESSOR_DEFINITIONS = (
					"DEBUG=1",
					"$(inherited)",
				);
				GCC_WARN_64_TO_32_BIT_CONVERSION = YES;
				GCC_WARN_ABOUT_RETURN_TYPE = YES_ERROR;
				GCC_WARN_UNDECLARED_SELECTOR = YES;
				GCC_WARN_UNINITIALIZED_AUTOS = YES_AGGRESSIVE;
				GCC_WARN_UNUSED_FUNCTION = YES;
				GCC_WARN_UNUSED_VARIABLE = YES;
				IPHONEOS_DEPLOYMENT_TARGET = 16.4;
				MTL_ENABLE_DEBUG_INFO = INCLUDE_SOURCE;
				MTL_FAST_MATH = YES;
				ONLY_ACTIVE_ARCH = YES;
				SDKROOT = iphoneos;
				SWIFT_ACTIVE_COMPILATION_CONDITIONS = DEBUG;
				SWIFT_OPTIMIZATION_LEVEL = "-Onone";
			};
			name = Debug;
		};
		96858C9A2A1B6967000272C7 /* Release */ = {
			isa = XCBuildConfiguration;
			buildSettings = {
				ALWAYS_SEARCH_USER_PATHS = NO;
				CLANG_ANALYZER_NONNULL = YES;
				CLANG_ANALYZER_NUMBER_OBJECT_CONVERSION = YES_AGGRESSIVE;
				CLANG_CXX_LANGUAGE_STANDARD = "gnu++20";
				CLANG_ENABLE_MODULES = YES;
				CLANG_ENABLE_OBJC_ARC = YES;
				CLANG_ENABLE_OBJC_WEAK = YES;
				CLANG_WARN_BLOCK_CAPTURE_AUTORELEASING = YES;
				CLANG_WARN_BOOL_CONVERSION = YES;
				CLANG_WARN_COMMA = YES;
				CLANG_WARN_CONSTANT_CONVERSION = YES;
				CLANG_WARN_DEPRECATED_OBJC_IMPLEMENTATIONS = YES;
				CLANG_WARN_DIRECT_OBJC_ISA_USAGE = YES_ERROR;
				CLANG_WARN_DOCUMENTATION_COMMENTS = YES;
				CLANG_WARN_EMPTY_BODY = YES;
				CLANG_WARN_ENUM_CONVERSION = YES;
				CLANG_WARN_INFINITE_RECURSION = YES;
				CLANG_WARN_INT_CONVERSION = YES;
				CLANG_WARN_NON_LITERAL_NULL_CONVERSION = YES;
				CLANG_WARN_OBJC_IMPLICIT_RETAIN_SELF = YES;
				CLANG_WARN_OBJC_LITERAL_CONVERSION = YES;
				CLANG_WARN_OBJC_ROOT_CLASS = YES_ERROR;
				CLANG_WARN_QUOTED_INCLUDE_IN_FRAMEWORK_HEADER = YES;
				CLANG_WARN_RANGE_LOOP_ANALYSIS = YES;
				CLANG_WARN_STRICT_PROTOTYPES = YES;
				CLANG_WARN_SUSPICIOUS_MOVE = YES;
				CLANG_WARN_UNGUARDED_AVAILABILITY = YES_AGGRESSIVE;
				CLANG_WARN_UNREACHABLE_CODE = YES;
				CLANG_WARN__DUPLICATE_METHOD_MATCH = YES;
				COPY_PHASE_STRIP = NO;
				DEBUG_INFORMATION_FORMAT = "dwarf-with-dsym";
				ENABLE_NS_ASSERTIONS = NO;
				ENABLE_STRICT_OBJC_MSGSEND = YES;
				GCC_C_LANGUAGE_STANDARD = gnu11;
				GCC_NO_COMMON_BLOCKS = YES;
				GCC_WARN_64_TO_32_BIT_CONVERSION = YES;
				GCC_WARN_ABOUT_RETURN_TYPE = YES_ERROR;
				GCC_WARN_UNDECLARED_SELECTOR = YES;
				GCC_WARN_UNINITIALIZED_AUTOS = YES_AGGRESSIVE;
				GCC_WARN_UNUSED_FUNCTION = YES;
				GCC_WARN_UNUSED_VARIABLE = YES;
				IPHONEOS_DEPLOYMENT_TARGET = 16.4;
				MTL_ENABLE_DEBUG_INFO = NO;
				MTL_FAST_MATH = YES;
				SDKROOT = iphoneos;
				SWIFT_COMPILATION_MODE = wholemodule;
				SWIFT_OPTIMIZATION_LEVEL = "-O";
				VALIDATE_PRODUCT = YES;
			};
			name = Release;
		};
		96858C9C2A1B6967000272C7 /* Debug */ = {
			isa = XCBuildConfiguration;
			buildSettings = {
				ASSETCATALOG_COMPILER_APPICON_NAME = AppIcon;
				ASSETCATALOG_COMPILER_GLOBAL_ACCENT_COLOR_NAME = AccentColor;
				CODE_SIGN_STYLE = Automatic;
				CURRENT_PROJECT_VERSION = 1;
				DEVELOPMENT_ASSET_PATHS = "\"Floor Plan Cepat/Preview Content\"";
				DEVELOPMENT_TEAM = G85YYYKRLS;
				ENABLE_PREVIEWS = YES;
				GENERATE_INFOPLIST_FILE = YES;
				INFOPLIST_FILE = "Floor-Plan-Cepat-Info.plist";
				INFOPLIST_KEY_NSCameraUsageDescription = "For LiDAR";
				INFOPLIST_KEY_UIApplicationSceneManifest_Generation = YES;
				INFOPLIST_KEY_UIApplicationSupportsIndirectInputEvents = YES;
				INFOPLIST_KEY_UILaunchScreen_Generation = YES;
				INFOPLIST_KEY_UISupportedInterfaceOrientations_iPad = "UIInterfaceOrientationPortrait UIInterfaceOrientationPortraitUpsideDown UIInterfaceOrientationLandscapeLeft UIInterfaceOrientationLandscapeRight";
				INFOPLIST_KEY_UISupportedInterfaceOrientations_iPhone = "UIInterfaceOrientationPortrait UIInterfaceOrientationLandscapeLeft UIInterfaceOrientationLandscapeRight";
				LD_RUNPATH_SEARCH_PATHS = (
					"$(inherited)",
					"@executable_path/Frameworks",
				);
				MARKETING_VERSION = 1.0;
				PRODUCT_BUNDLE_IDENTIFIER = "GoDataID.Floor-Plan-Cepat";
				PRODUCT_NAME = "$(TARGET_NAME)";
				SWIFT_EMIT_LOC_STRINGS = YES;
				SWIFT_VERSION = 5.0;
				TARGETED_DEVICE_FAMILY = "1,2";
			};
			name = Debug;
		};
		96858C9D2A1B6967000272C7 /* Release */ = {
			isa = XCBuildConfiguration;
			buildSettings = {
				ASSETCATALOG_COMPILER_APPICON_NAME = AppIcon;
				ASSETCATALOG_COMPILER_GLOBAL_ACCENT_COLOR_NAME = AccentColor;
				CODE_SIGN_STYLE = Automatic;
				CURRENT_PROJECT_VERSION = 1;
				DEVELOPMENT_ASSET_PATHS = "\"Floor Plan Cepat/Preview Content\"";
				DEVELOPMENT_TEAM = G85YYYKRLS;
				ENABLE_PREVIEWS = YES;
				GENERATE_INFOPLIST_FILE = YES;
				INFOPLIST_FILE = "Floor-Plan-Cepat-Info.plist";
				INFOPLIST_KEY_NSCameraUsageDescription = "For LiDAR";
				INFOPLIST_KEY_UIApplicationSceneManifest_Generation = YES;
				INFOPLIST_KEY_UIApplicationSupportsIndirectInputEvents = YES;
				INFOPLIST_KEY_UILaunchScreen_Generation = YES;
				INFOPLIST_KEY_UISupportedInterfaceOrientations_iPad = "UIInterfaceOrientationPortrait UIInterfaceOrientationPortraitUpsideDown UIInterfaceOrientationLandscapeLeft UIInterfaceOrientationLandscapeRight";
				INFOPLIST_KEY_UISupportedInterfaceOrientations_iPhone = "UIInterfaceOrientationPortrait UIInterfaceOrientationLandscapeLeft UIInterfaceOrientationLandscapeRight";
				LD_RUNPATH_SEARCH_PATHS = (
					"$(inherited)",
					"@executable_path/Frameworks",
				);
				MARKETING_VERSION = 1.0;
				PRODUCT_BUNDLE_IDENTIFIER = "GoDataID.Floor-Plan-Cepat";
				PRODUCT_NAME = "$(TARGET_NAME)";
				SWIFT_EMIT_LOC_STRINGS = YES;
				SWIFT_VERSION = 5.0;
				TARGETED_DEVICE_FAMILY = "1,2";
			};
			name = Release;
		};
		96858C9F2A1B6967000272C7 /* Debug */ = {
			isa = XCBuildConfiguration;
			buildSettings = {
				ALWAYS_EMBED_SWIFT_STANDARD_LIBRARIES = YES;
				BUNDLE_LOADER = "$(TEST_HOST)";
				CODE_SIGN_STYLE = Automatic;
				CURRENT_PROJECT_VERSION = 1;
				DEVELOPMENT_TEAM = G85YYYKRLS;
				GENERATE_INFOPLIST_FILE = YES;
				IPHONEOS_DEPLOYMENT_TARGET = 16.4;
				MARKETING_VERSION = 1.0;
				PRODUCT_BUNDLE_IDENTIFIER = "GoDataID.Floor-Plan-CepatTests";
				PRODUCT_NAME = "$(TARGET_NAME)";
				SWIFT_EMIT_LOC_STRINGS = NO;
				SWIFT_VERSION = 5.0;
				TARGETED_DEVICE_FAMILY = "1,2";
				TEST_HOST = "$(BUILT_PRODUCTS_DIR)/Floor Plan Cepat.app/$(BUNDLE_EXECUTABLE_FOLDER_PATH)/Floor Plan Cepat";
			};
			name = Debug;
		};
		96858CA02A1B6967000272C7 /* Release */ = {
			isa = XCBuildConfiguration;
			buildSettings = {
				ALWAYS_EMBED_SWIFT_STANDARD_LIBRARIES = YES;
				BUNDLE_LOADER = "$(TEST_HOST)";
				CODE_SIGN_STYLE = Automatic;
				CURRENT_PROJECT_VERSION = 1;
				DEVELOPMENT_TEAM = G85YYYKRLS;
				GENERATE_INFOPLIST_FILE = YES;
				IPHONEOS_DEPLOYMENT_TARGET = 16.4;
				MARKETING_VERSION = 1.0;
				PRODUCT_BUNDLE_IDENTIFIER = "GoDataID.Floor-Plan-CepatTests";
				PRODUCT_NAME = "$(TARGET_NAME)";
				SWIFT_EMIT_LOC_STRINGS = NO;
				SWIFT_VERSION = 5.0;
				TARGETED_DEVICE_FAMILY = "1,2";
				TEST_HOST = "$(BUILT_PRODUCTS_DIR)/Floor Plan Cepat.app/$(BUNDLE_EXECUTABLE_FOLDER_PATH)/Floor Plan Cepat";
			};
			name = Release;
		};
		96858CA22A1B6967000272C7 /* Debug */ = {
			isa = XCBuildConfiguration;
			buildSettings = {
				ALWAYS_EMBED_SWIFT_STANDARD_LIBRARIES = YES;
				CODE_SIGN_STYLE = Automatic;
				CURRENT_PROJECT_VERSION = 1;
				DEVELOPMENT_TEAM = G85YYYKRLS;
				GENERATE_INFOPLIST_FILE = YES;
				MARKETING_VERSION = 1.0;
				PRODUCT_BUNDLE_IDENTIFIER = "GoDataID.Floor-Plan-CepatUITests";
				PRODUCT_NAME = "$(TARGET_NAME)";
				SWIFT_EMIT_LOC_STRINGS = NO;
				SWIFT_VERSION = 5.0;
				TARGETED_DEVICE_FAMILY = "1,2";
				TEST_TARGET_NAME = "Floor Plan Cepat";
			};
			name = Debug;
		};
		96858CA32A1B6967000272C7 /* Release */ = {
			isa = XCBuildConfiguration;
			buildSettings = {
				ALWAYS_EMBED_SWIFT_STANDARD_LIBRARIES = YES;
				CODE_SIGN_STYLE = Automatic;
				CURRENT_PROJECT_VERSION = 1;
				DEVELOPMENT_TEAM = G85YYYKRLS;
				GENERATE_INFOPLIST_FILE = YES;
				MARKETING_VERSION = 1.0;
				PRODUCT_BUNDLE_IDENTIFIER = "GoDataID.Floor-Plan-CepatUITests";
				PRODUCT_NAME = "$(TARGET_NAME)";
				SWIFT_EMIT_LOC_STRINGS = NO;
				SWIFT_VERSION = 5.0;
				TARGETED_DEVICE_FAMILY = "1,2";
				TEST_TARGET_NAME = "Floor Plan Cepat";
			};
			name = Release;
		};
/* End XCBuildConfiguration section */

/* Begin XCConfigurationList section */
		96858C722A1B6966000272C7 /* Build configuration list for PBXProject "Floor Plan Cepat" */ = {
			isa = XCConfigurationList;
			buildConfigurations = (
				96858C992A1B6967000272C7 /* Debug */,
				96858C9A2A1B6967000272C7 /* Release */,
			);
			defaultConfigurationIsVisible = 0;
			defaultConfigurationName = Release;
		};
		96858C9B2A1B6967000272C7 /* Build configuration list for PBXNativeTarget "Floor Plan Cepat" */ = {
			isa = XCConfigurationList;
			buildConfigurations = (
				96858C9C2A1B6967000272C7 /* Debug */,
				96858C9D2A1B6967000272C7 /* Release */,
			);
			defaultConfigurationIsVisible = 0;
			defaultConfigurationName = Release;
		};
		96858C9E2A1B6967000272C7 /* Build configuration list for PBXNativeTarget "Floor Plan CepatTests" */ = {
			isa = XCConfigurationList;
			buildConfigurations = (
				96858C9F2A1B6967000272C7 /* Debug */,
				96858CA02A1B6967000272C7 /* Release */,
			);
			defaultConfigurationIsVisible = 0;
			defaultConfigurationName = Release;
		};
		96858CA12A1B6967000272C7 /* Build configuration list for PBXNativeTarget "Floor Plan CepatUITests" */ = {
			isa = XCConfigurationList;
			buildConfigurations = (
				96858CA22A1B6967000272C7 /* Debug */,
				96858CA32A1B6967000272C7 /* Release */,
			);
			defaultConfigurationIsVisible = 0;
			defaultConfigurationName = Release;
		};
/* End XCConfigurationList section */
	};
	rootObject = 96858C6F2A1B6966000272C7 /* Project object */;
}
